
Microsoft Visual Studio Solution File, Format Version 12.00
# Visual Studio Version 17
VisualStudioVersion = 17.10.34916.146
MinimumVisualStudioVersion = 10.0.40219.1
Project("{FAE04EC0-301F-11D3-BF4B-00C04F79EFBC}") = "TestProyecto", "TestProyecto\TestProyecto.csproj", "{55CA7778-8DE6-4EA1-9A87-A5B9D99BF00E}"
EndProject
Global
	GlobalSection(SolutionConfigurationPlatforms) = preSolution
		Debug|Any CPU = Debug|Any CPU
		Release|Any CPU = Release|Any CPU
	EndGlobalSection
	GlobalSection(ProjectConfigurationPlatforms) = postSolution
		{55CA7778-8DE6-4EA1-9A87-A5B9D99BF00E}.Debug|Any CPU.ActiveCfg = Debug|Any CPU
		{55CA7778-8DE6-4EA1-9A87-A5B9D99BF00E}.Debug|Any CPU.Build.0 = Debug|Any CPU
		{55CA7778-8DE6-4EA1-9A87-A5B9D99BF00E}.Release|Any CPU.ActiveCfg = Release|Any CPU
		{55CA7778-8DE6-4EA1-9A87-A5B9D99BF00E}.Release|Any CPU.Build.0 = Release|Any CPU
	EndGlobalSection
	GlobalSection(SolutionProperties) = preSolution
		HideSolutionNode = FALSE
	EndGlobalSection
	GlobalSection(ExtensibilityGlobals) = postSolution
		SolutionGuid = {E94D5362-C930-45C7-8DEB-51679C7CC015}
	EndGlobalSection
EndGlobal
